// !$*UTF8*$!
{
	archiveVersion = 1;
	classes = {
	};
	objectVersion = 48;
	objects = {

/* Begin PBXBuildFile section */
		FCD2210420033AA000C9D066 /* AppDelegate.swift in Sources */ = {isa = PBXBuildFile; fileRef = FCD2210320033AA000C9D066 /* AppDelegate.swift */; };
		FCD2210620033AA000C9D066 /* ViewController.swift in Sources */ = {isa = PBXBuildFile; fileRef = FCD2210520033AA000C9D066 /* ViewController.swift */; };
		FCD2210920033AA000C9D066 /* Main.storyboard in Resources */ = {isa = PBXBuildFile; fileRef = FCD2210720033AA000C9D066 /* Main.storyboard */; };
		FCD2210B20033AA000C9D066 /* Assets.xcassets in Resources */ = {isa = PBXBuildFile; fileRef = FCD2210A20033AA000C9D066 /* Assets.xcassets */; };
		FCD2210E20033AA000C9D066 /* LaunchScreen.storyboard in Resources */ = {isa = PBXBuildFile; fileRef = FCD2210C20033AA000C9D066 /* LaunchScreen.storyboard */; };
		FCD2211920033AA000C9D066 /* HelloTests.swift in Sources */ = {isa = PBXBuildFile; fileRef = FCD2211820033AA000C9D066 /* HelloTests.swift */; };
		FCD2212420033AA000C9D066 /* HelloUITests.swift in Sources */ = {isa = PBXBuildFile; fileRef = FCD2212320033AA000C9D066 /* HelloUITests.swift */; };
/* End PBXBuildFile section */

/* Begin PBXContainerItemProxy section */
		FCD2211520033AA000C9D066 /* PBXContainerItemProxy */ = {
			isa = PBXContainerItemProxy;
			containerPortal = FCD220F820033AA000C9D066 /* Project object */;
			proxyType = 1;
			remoteGlobalIDString = FCD220FF20033AA000C9D066;
			remoteInfo = Hello;
		};
		FCD2212020033AA000C9D066 /* PBXContainerItemProxy */ = {
			isa = PBXContainerItemProxy;
			containerPortal = FCD220F820033AA000C9D066 /* Project object */;
			proxyType = 1;
			remoteGlobalIDString = FCD220FF20033AA000C9D066;
			remoteInfo = Hello;
		};
/* End PBXContainerItemProxy section */

/* Begin PBXFileReference section */
		FCD2210020033AA000C9D066 /* Hello.app */ = {isa = PBXFileReference; explicitFileType = wrapper.application; includeInIndex = 0; path = Hello.app; sourceTree = BUILT_PRODUCTS_DIR; };
		FCD2210320033AA000C9D066 /* AppDelegate.swift */ = {isa = PBXFileReference; lastKnownFileType = sourcecode.swift; path = AppDelegate.swift; sourceTree = "<group>"; };
		FCD2210520033AA000C9D066 /* ViewController.swift */ = {isa = PBXFileReference; lastKnownFileType = sourcecode.swift; path = ViewController.swift; sourceTree = "<group>"; };
		FCD2210820033AA000C9D066 /* Base */ = {isa = PBXFileReference; lastKnownFileType = file.storyboard; name = Base; path = Base.lproj/Main.storyboard; sourceTree = "<group>"; };
		FCD2210A20033AA000C9D066 /* Assets.xcassets */ = {isa = PBXFileReference; lastKnownFileType = folder.assetcatalog; path = Assets.xcassets; sourceTree = "<group>"; };
		FCD2210D20033AA000C9D066 /* Base */ = {isa = PBXFileReference; lastKnownFileType = file.storyboard; name = Base; path = Base.lproj/LaunchScreen.storyboard; sourceTree = "<group>"; };
		FCD2210F20033AA000C9D066 /* Info.plist */ = {isa = PBXFileReference; lastKnownFileType = text.plist.xml; path = Info.plist; sourceTree = "<group>"; };
		FCD2211420033AA000C9D066 /* HelloTests.xctest */ = {isa = PBXFileReference; explicitFileType = wrapper.cfbundle; includeInIndex = 0; path = HelloTests.xctest; sourceTree = BUILT_PRODUCTS_DIR; };
		FCD2211820033AA000C9D066 /* HelloTests.swift */ = {isa = PBXFileReference; lastKnownFileType = sourcecode.swift; path = HelloTests.swift; sourceTree = "<group>"; };
		FCD2211A20033AA000C9D066 /* Info.plist */ = {isa = PBXFileReference; lastKnownFileType = text.plist.xml; path = Info.plist; sourceTree = "<group>"; };
		FCD2211F20033AA000C9D066 /* HelloUITests.xctest */ = {isa = PBXFileReference; explicitFileType = wrapper.cfbundle; includeInIndex = 0; path = HelloUITests.xctest; sourceTree = BUILT_PRODUCTS_DIR; };
		FCD2212320033AA000C9D066 /* HelloUITests.swift */ = {isa = PBXFileReference; lastKnownFileType = sourcecode.swift; path = HelloUITests.swift; sourceTree = "<group>"; };
		FCD2212520033AA000C9D066 /* Info.plist */ = {isa = PBXFileReference; lastKnownFileType = text.plist.xml; path = Info.plist; sourceTree = "<group>"; };
/* End PBXFileReference section */

/* Begin PBXFrameworksBuildPhase section */
		FCD220FD20033AA000C9D066 /* Frameworks */ = {
			isa = PBXFrameworksBuildPhase;
			buildActionMask = 2147483647;
			files = (
			);
			runOnlyForDeploymentPostprocessing = 0;
		};
		FCD2211120033AA000C9D066 /* Frameworks */ = {
			isa = PBXFrameworksBuildPhase;
			buildActionMask = 2147483647;
			files = (
			);
			runOnlyForDeploymentPostprocessing = 0;
		};
		FCD2211C20033AA000C9D066 /* Frameworks */ = {
			isa = PBXFrameworksBuildPhase;
			buildActionMask = 2147483647;
			files = (
			);
			runOnlyForDeploymentPostprocessing = 0;
		};
/* End PBXFrameworksBuildPhase section */

/* Begin PBXGroup section */
		FCD220F720033AA000C9D066 = {
			isa = PBXGroup;
			children = (
				FCD2210220033AA000C9D066 /* Hello */,
				FCD2211720033AA000C9D066 /* HelloTests */,
				FCD2212220033AA000C9D066 /* HelloUITests */,
				FCD2210120033AA000C9D066 /* Products */,
			);
			sourceTree = "<group>";
		};
		FCD2210120033AA000C9D066 /* Products */ = {
			isa = PBXGroup;
			children = (
				FCD2210020033AA000C9D066 /* Hello.app */,
				FCD2211420033AA000C9D066 /* HelloTests.xctest */,
				FCD2211F20033AA000C9D066 /* HelloUITests.xctest */,
			);
			name = Products;
			sourceTree = "<group>";
		};
		FCD2210220033AA000C9D066 /* Hello */ = {
			isa = PBXGroup;
			children = (
				FCD2210320033AA000C9D066 /* AppDelegate.swift */,
				FCD2210520033AA000C9D066 /* ViewController.swift */,
				FCD2210720033AA000C9D066 /* Main.storyboard */,
				FCD2210A20033AA000C9D066 /* Assets.xcassets */,
				FCD2210C20033AA000C9D066 /* LaunchScreen.storyboard */,
				FCD2210F20033AA000C9D066 /* Info.plist */,
			);
			path = Hello;
			sourceTree = "<group>";
		};
		FCD2211720033AA000C9D066 /* HelloTests */ = {
			isa = PBXGroup;
			children = (
				FCD2211820033AA000C9D066 /* HelloTests.swift */,
				FCD2211A20033AA000C9D066 /* Info.plist */,
			);
			path = HelloTests;
			sourceTree = "<group>";
		};
		FCD2212220033AA000C9D066 /* HelloUITests */ = {
			isa = PBXGroup;
			children = (
				FCD2212320033AA000C9D066 /* HelloUITests.swift */,
				FCD2212520033AA000C9D066 /* Info.plist */,
			);
			path = HelloUITests;
			sourceTree = "<group>";
		};
/* End PBXGroup section */

/* Begin PBXNativeTarget section */
		FCD220FF20033AA000C9D066 /* Hello */ = {
			isa = PBXNativeTarget;
			buildConfigurationList = FCD2212820033AA000C9D066 /* Build configuration list for PBXNativeTarget "Hello" */;
			buildPhases = (
				FCD220FC20033AA000C9D066 /* Sources */,
				FCD220FD20033AA000C9D066 /* Frameworks */,
				FCD220FE20033AA000C9D066 /* Resources */,
			);
			buildRules = (
			);
			dependencies = (
			);
			name = Hello;
			productName = Hello;
			productReference = FCD2210020033AA000C9D066 /* Hello.app */;
			productType = "com.apple.product-type.application";
		};
		FCD2211320033AA000C9D066 /* HelloTests */ = {
			isa = PBXNativeTarget;
			buildConfigurationList = FCD2212B20033AA000C9D066 /* Build configuration list for PBXNativeTarget "HelloTests" */;
			buildPhases = (
				FCD2211020033AA000C9D066 /* Sources */,
				FCD2211120033AA000C9D066 /* Frameworks */,
				FCD2211220033AA000C9D066 /* Resources */,
			);
			buildRules = (
			);
			dependencies = (
				FCD2211620033AA000C9D066 /* PBXTargetDependency */,
			);
			name = HelloTests;
			productName = HelloTests;
			productReference = FCD2211420033AA000C9D066 /* HelloTests.xctest */;
			productType = "com.apple.product-type.bundle.unit-test";
		};
		FCD2211E20033AA000C9D066 /* HelloUITests */ = {
			isa = PBXNativeTarget;
			buildConfigurationList = FCD2212E20033AA000C9D066 /* Build configuration list for PBXNativeTarget "HelloUITests" */;
			buildPhases = (
				FCD2211B20033AA000C9D066 /* Sources */,
				FCD2211C20033AA000C9D066 /* Frameworks */,
				FCD2211D20033AA000C9D066 /* Resources */,
			);
			buildRules = (
			);
			dependencies = (
				FCD2212120033AA000C9D066 /* PBXTargetDependency */,
			);
			name = HelloUITests;
			productName = HelloUITests;
			productReference = FCD2211F20033AA000C9D066 /* HelloUITests.xctest */;
			productType = "com.apple.product-type.bundle.ui-testing";
		};
/* End PBXNativeTarget section */

/* Begin PBXProject section */
		FCD220F820033AA000C9D066 /* Project object */ = {
			isa = PBXProject;
			attributes = {
				LastSwiftUpdateCheck = 0920;
				LastUpgradeCheck = 0920;
				ORGANIZATIONNAME = "Alexis Koss";
				TargetAttributes = {
					FCD220FF20033AA000C9D066 = {
						CreatedOnToolsVersion = 9.2;
						ProvisioningStyle = Automatic;
					};
					FCD2211320033AA000C9D066 = {
						CreatedOnToolsVersion = 9.2;
						ProvisioningStyle = Automatic;
						TestTargetID = FCD220FF20033AA000C9D066;
					};
					FCD2211E20033AA000C9D066 = {
						CreatedOnToolsVersion = 9.2;
						ProvisioningStyle = Automatic;
						TestTargetID = FCD220FF20033AA000C9D066;
					};
				};
			};
			buildConfigurationList = FCD220FB20033AA000C9D066 /* Build configuration list for PBXProject "Hello" */;
			compatibilityVersion = "Xcode 8.0";
			developmentRegion = en;
			hasScannedForEncodings = 0;
			knownRegions = (
				en,
				Base,
			);
			mainGroup = FCD220F720033AA000C9D066;
			productRefGroup = FCD2210120033AA000C9D066 /* Products */;
			projectDirPath = "";
			projectRoot = "";
			targets = (
				FCD220FF20033AA000C9D066 /* Hello */,
				FCD2211320033AA000C9D066 /* HelloTests */,
				FCD2211E20033AA000C9D066 /* HelloUITests */,
			);
		};
/* End PBXProject section */

/* Begin PBXResourcesBuildPhase section */
		FCD220FE20033AA000C9D066 /* Resources */ = {
			isa = PBXResourcesBuildPhase;
			buildActionMask = 2147483647;
			files = (
				FCD2210E20033AA000C9D066 /* LaunchScreen.storyboard in Resources */,
				FCD2210B20033AA000C9D066 /* Assets.xcassets in Resources */,
				FCD2210920033AA000C9D066 /* Main.storyboard in Resources */,
			);
			runOnlyForDeploymentPostprocessing = 0;
		};
		FCD2211220033AA000C9D066 /* Resources */ = {
			isa = PBXResourcesBuildPhase;
			buildActionMask = 2147483647;
			files = (
			);
			runOnlyForDeploymentPostprocessing = 0;
		};
		FCD2211D20033AA000C9D066 /* Resources */ = {
			isa = PBXResourcesBuildPhase;
			buildActionMask = 2147483647;
			files = (
			);
			runOnlyForDeploymentPostprocessing = 0;
		};
/* End PBXResourcesBuildPhase section */

/* Begin PBXSourcesBuildPhase section */
		FCD220FC20033AA000C9D066 /* Sources */ = {
			isa = PBXSourcesBuildPhase;
			buildActionMask = 2147483647;
			files = (
				FCD2210620033AA000C9D066 /* ViewController.swift in Sources */,
				FCD2210420033AA000C9D066 /* AppDelegate.swift in Sources */,
			);
			runOnlyForDeploymentPostprocessing = 0;
		};
		FCD2211020033AA000C9D066 /* Sources */ = {
			isa = PBXSourcesBuildPhase;
			buildActionMask = 2147483647;
			files = (
				FCD2211920033AA000C9D066 /* HelloTests.swift in Sources */,
			);
			runOnlyForDeploymentPostprocessing = 0;
		};
		FCD2211B20033AA000C9D066 /* Sources */ = {
			isa = PBXSourcesBuildPhase;
			buildActionMask = 2147483647;
			files = (
				FCD2212420033AA000C9D066 /* HelloUITests.swift in Sources */,
			);
			runOnlyForDeploymentPostprocessing = 0;
		};
/* End PBXSourcesBuildPhase section */

/* Begin PBXTargetDependency section */
		FCD2211620033AA000C9D066 /* PBXTargetDependency */ = {
			isa = PBXTargetDependency;
			target = FCD220FF20033AA000C9D066 /* Hello */;
			targetProxy = FCD2211520033AA000C9D066 /* PBXContainerItemProxy */;
		};
		FCD2212120033AA000C9D066 /* PBXTargetDependency */ = {
			isa = PBXTargetDependency;
			target = FCD220FF20033AA000C9D066 /* Hello */;
			targetProxy = FCD2212020033AA000C9D066 /* PBXContainerItemProxy */;
		};
/* End PBXTargetDependency section */

/* Begin PBXVariantGroup section */
		FCD2210720033AA000C9D066 /* Main.storyboard */ = {
			isa = PBXVariantGroup;
			children = (
				FCD2210820033AA000C9D066 /* Base */,
			);
			name = Main.storyboard;
			sourceTree = "<group>";
		};
		FCD2210C20033AA000C9D066 /* LaunchScreen.storyboard */ = {
			isa = PBXVariantGroup;
			children = (
				FCD2210D20033AA000C9D066 /* Base */,
			);
			name = LaunchScreen.storyboard;
			sourceTree = "<group>";
		};
/* End PBXVariantGroup section */

/* Begin XCBuildConfiguration section */
		FCD2212620033AA000C9D066 /* Debug */ = {
			isa = XCBuildConfiguration;
			buildSettings = {
				ALWAYS_SEARCH_USER_PATHS = NO;
				CLANG_ANALYZER_NONNULL = YES;
				CLANG_ANALYZER_NUMBER_OBJECT_CONVERSION = YES_AGGRESSIVE;
				CLANG_CXX_LANGUAGE_STANDARD = "gnu++14";
				CLANG_CXX_LIBRARY = "libc++";
				CLANG_ENABLE_MODULES = YES;
				CLANG_ENABLE_OBJC_ARC = YES;
				CLANG_WARN_BLOCK_CAPTURE_AUTORELEASING = YES;
				CLANG_WARN_BOOL_CONVERSION = YES;
				CLANG_WARN_COMMA = YES;
				CLANG_WARN_CONSTANT_CONVERSION = YES;
				CLANG_WARN_DIRECT_OBJC_ISA_USAGE = YES_ERROR;
				CLANG_WARN_DOCUMENTATION_COMMENTS = YES;
				CLANG_WARN_EMPTY_BODY = YES;
				CLANG_WARN_ENUM_CONVERSION = YES;
				CLANG_WARN_INFINITE_RECURSION = YES;
				CLANG_WARN_INT_CONVERSION = YES;
				CLANG_WARN_NON_LITERAL_NULL_CONVERSION = YES;
				CLANG_WARN_OBJC_LITERAL_CONVERSION = YES;
				CLANG_WARN_OBJC_ROOT_CLASS = YES_ERROR;
				CLANG_WARN_RANGE_LOOP_ANALYSIS = YES;
				CLANG_WARN_STRICT_PROTOTYPES = YES;
				CLANG_WARN_SUSPICIOUS_MOVE = YES;
				CLANG_WARN_UNGUARDED_AVAILABILITY = YES_AGGRESSIVE;
				CLANG_WARN_UNREACHABLE_CODE = YES;
				CLANG_WARN__DUPLICATE_METHOD_MATCH = YES;
				CODE_SIGN_IDENTITY = "iPhone Developer";
				COPY_PHASE_STRIP = NO;
				DEBUG_INFORMATION_FORMAT = dwarf;
				ENABLE_STRICT_OBJC_MSGSEND = YES;
				ENABLE_TESTABILITY = YES;
				GCC_C_LANGUAGE_STANDARD = gnu11;
				GCC_DYNAMIC_NO_PIC = NO;
				GCC_NO_COMMON_BLOCKS = YES;
				GCC_OPTIMIZATION_LEVEL = 0;
				GCC_PREPROCESSOR_DEFINITIONS = (
					"DEBUG=1",
					"$(inherited)",
				);
				GCC_WARN_64_TO_32_BIT_CONVERSION = YES;
				GCC_WARN_ABOUT_RETURN_TYPE = YES_ERROR;
				GCC_WARN_UNDECLARED_SELECTOR = YES;
				GCC_WARN_UNINITIALIZED_AUTOS = YES_AGGRESSIVE;
				GCC_WARN_UNUSED_FUNCTION = YES;
				GCC_WARN_UNUSED_VARIABLE = YES;
				IPHONEOS_DEPLOYMENT_TARGET = 11.2;
				MTL_ENABLE_DEBUG_INFO = YES;
				ONLY_ACTIVE_ARCH = YES;
				SDKROOT = iphoneos;
				SWIFT_ACTIVE_COMPILATION_CONDITIONS = DEBUG;
				SWIFT_OPTIMIZATION_LEVEL = "-Onone";
			};
			name = Debug;
		};
		FCD2212720033AA000C9D066 /* Release */ = {
			isa = XCBuildConfiguration;
			buildSettings = {
				ALWAYS_SEARCH_USER_PATHS = NO;
				CLANG_ANALYZER_NONNULL = YES;
				CLANG_ANALYZER_NUMBER_OBJECT_CONVERSION = YES_AGGRESSIVE;
				CLANG_CXX_LANGUAGE_STANDARD = "gnu++14";
				CLANG_CXX_LIBRARY = "libc++";
				CLANG_ENABLE_MODULES = YES;
				CLANG_ENABLE_OBJC_ARC = YES;
				CLANG_WARN_BLOCK_CAPTURE_AUTORELEASING = YES;
				CLANG_WARN_BOOL_CONVERSION = YES;
				CLANG_WARN_COMMA = YES;
				CLANG_WARN_CONSTANT_CONVERSION = YES;
				CLANG_WARN_DIRECT_OBJC_ISA_USAGE = YES_ERROR;
				CLANG_WARN_DOCUMENTATION_COMMENTS = YES;
				CLANG_WARN_EMPTY_BODY = YES;
				CLANG_WARN_ENUM_CONVERSION = YES;
				CLANG_WARN_INFINITE_RECURSION = YES;
				CLANG_WARN_INT_CONVERSION = YES;
				CLANG_WARN_NON_LITERAL_NULL_CONVERSION = YES;
				CLANG_WARN_OBJC_LITERAL_CONVERSION = YES;
				CLANG_WARN_OBJC_ROOT_CLASS = YES_ERROR;
				CLANG_WARN_RANGE_LOOP_ANALYSIS = YES;
				CLANG_WARN_STRICT_PROTOTYPES = YES;
				CLANG_WARN_SUSPICIOUS_MOVE = YES;
				CLANG_WARN_UNGUARDED_AVAILABILITY = YES_AGGRESSIVE;
				CLANG_WARN_UNREACHABLE_CODE = YES;
				CLANG_WARN__DUPLICATE_METHOD_MATCH = YES;
				CODE_SIGN_IDENTITY = "iPhone Developer";
				COPY_PHASE_STRIP = NO;
				DEBUG_INFORMATION_FORMAT = "dwarf-with-dsym";
				ENABLE_NS_ASSERTIONS = NO;
				ENABLE_STRICT_OBJC_MSGSEND = YES;
				GCC_C_LANGUAGE_STANDARD = gnu11;
				GCC_NO_COMMON_BLOCKS = YES;
				GCC_WARN_64_TO_32_BIT_CONVERSION = YES;
				GCC_WARN_ABOUT_RETURN_TYPE = YES_ERROR;
				GCC_WARN_UNDECLARED_SELECTOR = YES;
				GCC_WARN_UNINITIALIZED_AUTOS = YES_AGGRESSIVE;
				GCC_WARN_UNUSED_FUNCTION = YES;
				GCC_WARN_UNUSED_VARIABLE = YES;
				IPHONEOS_DEPLOYMENT_TARGET = 11.2;
				MTL_ENABLE_DEBUG_INFO = NO;
				SDKROOT = iphoneos;
				SWIFT_OPTIMIZATION_LEVEL = "-Owholemodule";
				VALIDATE_PRODUCT = YES;
			};
			name = Release;
		};
		FCD2212920033AA000C9D066 /* Debug */ = {
			isa = XCBuildConfiguration;
			buildSettings = {
				ASSETCATALOG_COMPILER_APPICON_NAME = AppIcon;
				CODE_SIGN_STYLE = Automatic;
				INFOPLIST_FILE = Hello/Info.plist;
				LD_RUNPATH_SEARCH_PATHS = "$(inherited) @executable_path/Frameworks";
				PRODUCT_BUNDLE_IDENTIFIER = edu.uw.washington.alexis30.Hello;
				PRODUCT_NAME = "$(TARGET_NAME)";
				SWIFT_VERSION = 4.0;
				TARGETED_DEVICE_FAMILY = "1,2";
			};
			name = Debug;
		};
		FCD2212A20033AA000C9D066 /* Release */ = {
			isa = XCBuildConfiguration;
			buildSettings = {
				ASSETCATALOG_COMPILER_APPICON_NAME = AppIcon;
				CODE_SIGN_STYLE = Automatic;
				INFOPLIST_FILE = Hello/Info.plist;
				LD_RUNPATH_SEARCH_PATHS = "$(inherited) @executable_path/Frameworks";
				PRODUCT_BUNDLE_IDENTIFIER = edu.uw.washington.alexis30.Hello;
				PRODUCT_NAME = "$(TARGET_NAME)";
				SWIFT_VERSION = 4.0;
				TARGETED_DEVICE_FAMILY = "1,2";
			};
			name = Release;
		};
		FCD2212C20033AA000C9D066 /* Debug */ = {
			isa = XCBuildConfiguration;
			buildSettings = {
				ALWAYS_EMBED_SWIFT_STANDARD_LIBRARIES = YES;
				BUNDLE_LOADER = "$(TEST_HOST)";
				CODE_SIGN_STYLE = Automatic;
				INFOPLIST_FILE = HelloTests/Info.plist;
				LD_RUNPATH_SEARCH_PATHS = "$(inherited) @executable_path/Frameworks @loader_path/Frameworks";
				PRODUCT_BUNDLE_IDENTIFIER = edu.uw.washington.alexis30.HelloTests;
				PRODUCT_NAME = "$(TARGET_NAME)";
				SWIFT_VERSION = 4.0;
				TARGETED_DEVICE_FAMILY = "1,2";
				TEST_HOST = "$(BUILT_PRODUCTS_DIR)/Hello.app/Hello";
			};
			name = Debug;
		};
		FCD2212D20033AA000C9D066 /* Release */ = {
			isa = XCBuildConfiguration;
			buildSettings = {
				ALWAYS_EMBED_SWIFT_STANDARD_LIBRARIES = YES;
				BUNDLE_LOADER = "$(TEST_HOST)";
				CODE_SIGN_STYLE = Automatic;
				INFOPLIST_FILE = HelloTests/Info.plist;
				LD_RUNPATH_SEARCH_PATHS = "$(inherited) @executable_path/Frameworks @loader_path/Frameworks";
				PRODUCT_BUNDLE_IDENTIFIER = edu.uw.washington.alexis30.HelloTests;
				PRODUCT_NAME = "$(TARGET_NAME)";
				SWIFT_VERSION = 4.0;
				TARGETED_DEVICE_FAMILY = "1,2";
				TEST_HOST = "$(BUILT_PRODUCTS_DIR)/Hello.app/Hello";
			};
			name = Release;
		};
		FCD2212F20033AA000C9D066 /* Debug */ = {
			isa = XCBuildConfiguration;
			buildSettings = {
				ALWAYS_EMBED_SWIFT_STANDARD_LIBRARIES = YES;
				CODE_SIGN_STYLE = Automatic;
				INFOPLIST_FILE = HelloUITests/Info.plist;
				LD_RUNPATH_SEARCH_PATHS = "$(inherited) @executable_path/Frameworks @loader_path/Frameworks";
				PRODUCT_BUNDLE_IDENTIFIER = edu.uw.washington.alexis30.HelloUITests;
				PRODUCT_NAME = "$(TARGET_NAME)";
				SWIFT_VERSION = 4.0;
				TARGETED_DEVICE_FAMILY = "1,2";
				TEST_TARGET_NAME = Hello;
			};
			name = Debug;
		};
		FCD2213020033AA000C9D066 /* Release */ = {
			isa = XCBuildConfiguration;
			buildSettings = {
				ALWAYS_EMBED_SWIFT_STANDARD_LIBRARIES = YES;
				CODE_SIGN_STYLE = Automatic;
				INFOPLIST_FILE = HelloUITests/Info.plist;
				LD_RUNPATH_SEARCH_PATHS = "$(inherited) @executable_path/Frameworks @loader_path/Frameworks";
				PRODUCT_BUNDLE_IDENTIFIER = edu.uw.washington.alexis30.HelloUITests;
				PRODUCT_NAME = "$(TARGET_NAME)";
				SWIFT_VERSION = 4.0;
				TARGETED_DEVICE_FAMILY = "1,2";
				TEST_TARGET_NAME = Hello;
			};
			name = Release;
		};
/* End XCBuildConfiguration section */

/* Begin XCConfigurationList section */
		FCD220FB20033AA000C9D066 /* Build configuration list for PBXProject "Hello" */ = {
			isa = XCConfigurationList;
			buildConfigurations = (
				FCD2212620033AA000C9D066 /* Debug */,
				FCD2212720033AA000C9D066 /* Release */,
			);
			defaultConfigurationIsVisible = 0;
			defaultConfigurationName = Release;
		};
		FCD2212820033AA000C9D066 /* Build configuration list for PBXNativeTarget "Hello" */ = {
			isa = XCConfigurationList;
			buildConfigurations = (
				FCD2212920033AA000C9D066 /* Debug */,
				FCD2212A20033AA000C9D066 /* Release */,
			);
			defaultConfigurationIsVisible = 0;
			defaultConfigurationName = Release;
		};
		FCD2212B20033AA000C9D066 /* Build configuration list for PBXNativeTarget "HelloTests" */ = {
			isa = XCConfigurationList;
			buildConfigurations = (
				FCD2212C20033AA000C9D066 /* Debug */,
				FCD2212D20033AA000C9D066 /* Release */,
			);
			defaultConfigurationIsVisible = 0;
			defaultConfigurationName = Release;
		};
		FCD2212E20033AA000C9D066 /* Build configuration list for PBXNativeTarget "HelloUITests" */ = {
			isa = XCConfigurationList;
			buildConfigurations = (
				FCD2212F20033AA000C9D066 /* Debug */,
				FCD2213020033AA000C9D066 /* Release */,
			);
			defaultConfigurationIsVisible = 0;
			defaultConfigurationName = Release;
		};
/* End XCConfigurationList section */
	};
	rootObject = FCD220F820033AA000C9D066 /* Project object */;
}
